{
    "_readme": [
        "This file locks the dependencies of your project to a known state",
        "Read more about it at https://getcomposer.org/doc/01-basic-usage.md#installing-dependencies",
        "This file is @generated automatically"
    ],
    "content-hash": "6331b26d2f35dc663af8d91e79f5247e",
    "packages": [
        {
            "name": "lolinyya/pizza-library",
            "version": "dev-main",
            "dist": {
                "type": "path",
                "url": "../pizza-library",
                "reference": "6eec770e09600c3e5e5383e7b899dc4dceef2824"
            },
            "require": {
                "php": "^8.0"
            },
            "type": "library",
            "autoload": {
                "psr-4": {
                    "PizzaLibrary\\": "src/"
                }
            },
            "transport-options": {
                "relative": true
            }
        }
    ],
    "packages-dev": [],
    "aliases": [],
    "minimum-stability": "stable",
    "stability-flags": {
        "lolinyya/pizza-library": 20
    },
    "prefer-stable": false,
    "prefer-lowest": false,
    "platform": {
        "php": "^8.0"
    },
    "platform-dev": {},
    "plugin-api-version": "2.6.0"
}
