{
    "_readme": [
        "This file locks the dependencies of your project to a known state",
        "Read more about it at https://getcomposer.org/doc/01-basic-usage.md#installing-dependencies",
        "This file is @generated automatically"
    ],
    "content-hash": "c23baae6770a06703a03456be1125d24",
    "packages": [
        {
            "name": "lolinyya/pizza-library",
            "version": "dev-main",
            "source": {
                "type": "git",
                "url": "https://github.com/lolinyya/pizza-library.git",
                "reference": "e88e3b6c102e2791ef6d321adcb2da54131ead39"
            },
            "dist": {
                "type": "zip",
                "url": "https://api.github.com/repos/lolinyya/pizza-library/zipball/e88e3b6c102e2791ef6d321adcb2da54131ead39",
                "reference": "e88e3b6c102e2791ef6d321adcb2da54131ead39",
                "shasum": ""
            },
            "default-branch": true,
            "type": "library",
            "autoload": {
                "psr-4": {
                    "PizzaLibrary\\": "src/"
                }
            },
            "support": {
                "source": "https://github.com/lolinyya/pizza-library/tree/main",
                "issues": "https://github.com/lolinyya/pizza-library/issues"
            },
            "time": "2025-04-07T12:44:20+00:00"
        }
    ],
    "packages-dev": [],
    "aliases": [],
    "minimum-stability": "stable",
    "stability-flags": {
        "lolinyya/pizza-library": 20
    },
    "prefer-stable": false,
    "prefer-lowest": false,
    "platform": {},
    "platform-dev": {},
    "plugin-api-version": "2.6.0"
}
